
Microsoft Visual Studio Solution File, Format Version 12.00
# Visual Studio Version 17
VisualStudioVersion = 17.4.33122.133
MinimumVisualStudioVersion = 10.0.40219.1
Project("{FAE04EC0-301F-11D3-BF4B-00C04F79EFBC}") = "WebApplication2", "WebApplication2\WebApplication2.csproj", "{3F91AFF0-D486-442D-AB71-33BD8BC69348}"
EndProject
Global
	GlobalSection(SolutionConfigurationPlatforms) = preSolution
		Debug|Any CPU = Debug|Any CPU
		Release|Any CPU = Release|Any CPU
	EndGlobalSection
	GlobalSection(ProjectConfigurationPlatforms) = postSolution
		{3F91AFF0-D486-442D-AB71-33BD8BC69348}.Debug|Any CPU.ActiveCfg = Debug|Any CPU
		{3F91AFF0-D486-442D-AB71-33BD8BC69348}.Debug|Any CPU.Build.0 = Debug|Any CPU
		{3F91AFF0-D486-442D-AB71-33BD8BC69348}.Release|Any CPU.ActiveCfg = Release|Any CPU
		{3F91AFF0-D486-442D-AB71-33BD8BC69348}.Release|Any CPU.Build.0 = Release|Any CPU
	EndGlobalSection
	GlobalSection(SolutionProperties) = preSolution
		HideSolutionNode = FALSE
	EndGlobalSection
	GlobalSection(ExtensibilityGlobals) = postSolution
		SolutionGuid = {026366A3-A999-4751-AF99-ACBF1D4FF3EB}
	EndGlobalSection
EndGlobal
